// !$*UTF8*$!
{
	archiveVersion = 1;
	classes = {
	};
	objectVersion = 50;
	objects = {

/* Begin PBXBuildFile section */
		C203EE7C2714418F0071C8AE /* AppDelegate.swift in Sources */ = {isa = PBXBuildFile; fileRef = C203EE7B2714418F0071C8AE /* AppDelegate.swift */; };
		C203EE7E2714418F0071C8AE /* SceneDelegate.swift in Sources */ = {isa = PBXBuildFile; fileRef = C203EE7D2714418F0071C8AE /* SceneDelegate.swift */; };
		C203EE802714418F0071C8AE /* ViewController.swift in Sources */ = {isa = PBXBuildFile; fileRef = C203EE7F2714418F0071C8AE /* ViewController.swift */; };
		C203EE832714418F0071C8AE /* Main.storyboard in Resources */ = {isa = PBXBuildFile; fileRef = C203EE812714418F0071C8AE /* Main.storyboard */; };
		C203EE85271441910071C8AE /* Assets.xcassets in Resources */ = {isa = PBXBuildFile; fileRef = C203EE84271441910071C8AE /* Assets.xcassets */; };
		C203EE88271441910071C8AE /* LaunchScreen.storyboard in Resources */ = {isa = PBXBuildFile; fileRef = C203EE86271441910071C8AE /* LaunchScreen.storyboard */; };
		C203EE90271457C60071C8AE /* DetailViewController.swift in Sources */ = {isa = PBXBuildFile; fileRef = C203EE8F271457C60071C8AE /* DetailViewController.swift */; };
		C203EE92271457D90071C8AE /* Picture.swift in Sources */ = {isa = PBXBuildFile; fileRef = C203EE91271457D90071C8AE /* Picture.swift */; };
/* End PBXBuildFile section */

/* Begin PBXFileReference section */
		C203EE782714418F0071C8AE /* MilestoneProjectDay50.app */ = {isa = PBXFileReference; explicitFileType = wrapper.application; includeInIndex = 0; path = MilestoneProjectDay50.app; sourceTree = BUILT_PRODUCTS_DIR; };
		C203EE7B2714418F0071C8AE /* AppDelegate.swift */ = {isa = PBXFileReference; lastKnownFileType = sourcecode.swift; path = AppDelegate.swift; sourceTree = "<group>"; };
		C203EE7D2714418F0071C8AE /* SceneDelegate.swift */ = {isa = PBXFileReference; lastKnownFileType = sourcecode.swift; path = SceneDelegate.swift; sourceTree = "<group>"; };
		C203EE7F2714418F0071C8AE /* ViewController.swift */ = {isa = PBXFileReference; lastKnownFileType = sourcecode.swift; path = ViewController.swift; sourceTree = "<group>"; };
		C203EE822714418F0071C8AE /* Base */ = {isa = PBXFileReference; lastKnownFileType = file.storyboard; name = Base; path = Base.lproj/Main.storyboard; sourceTree = "<group>"; };
		C203EE84271441910071C8AE /* Assets.xcassets */ = {isa = PBXFileReference; lastKnownFileType = folder.assetcatalog; path = Assets.xcassets; sourceTree = "<group>"; };
		C203EE87271441910071C8AE /* Base */ = {isa = PBXFileReference; lastKnownFileType = file.storyboard; name = Base; path = Base.lproj/LaunchScreen.storyboard; sourceTree = "<group>"; };
		C203EE89271441910071C8AE /* Info.plist */ = {isa = PBXFileReference; lastKnownFileType = text.plist.xml; path = Info.plist; sourceTree = "<group>"; };
		C203EE8F271457C60071C8AE /* DetailViewController.swift */ = {isa = PBXFileReference; lastKnownFileType = sourcecode.swift; path = DetailViewController.swift; sourceTree = "<group>"; };
		C203EE91271457D90071C8AE /* Picture.swift */ = {isa = PBXFileReference; lastKnownFileType = sourcecode.swift; path = Picture.swift; sourceTree = "<group>"; };
/* End PBXFileReference section */

/* Begin PBXFrameworksBuildPhase section */
		C203EE752714418F0071C8AE /* Frameworks */ = {
			isa = PBXFrameworksBuildPhase;
			buildActionMask = 2147483647;
			files = (
			);
			runOnlyForDeploymentPostprocessing = 0;
		};
/* End PBXFrameworksBuildPhase section */

/* Begin PBXGroup section */
		C203EE6F2714418F0071C8AE = {
			isa = PBXGroup;
			children = (
				C203EE7A2714418F0071C8AE /* MilestoneProjectDay50 */,
				C203EE792714418F0071C8AE /* Products */,
			);
			sourceTree = "<group>";
		};
		C203EE792714418F0071C8AE /* Products */ = {
			isa = PBXGroup;
			children = (
				C203EE782714418F0071C8AE /* MilestoneProjectDay50.app */,
			);
			name = Products;
			sourceTree = "<group>";
		};
		C203EE7A2714418F0071C8AE /* MilestoneProjectDay50 */ = {
			isa = PBXGroup;
			children = (
				C203EE7B2714418F0071C8AE /* AppDelegate.swift */,
				C203EE7D2714418F0071C8AE /* SceneDelegate.swift */,
				C203EE7F2714418F0071C8AE /* ViewController.swift */,
				C203EE91271457D90071C8AE /* Picture.swift */,
				C203EE8F271457C60071C8AE /* DetailViewController.swift */,
				C203EE812714418F0071C8AE /* Main.storyboard */,
				C203EE84271441910071C8AE /* Assets.xcassets */,
				C203EE86271441910071C8AE /* LaunchScreen.storyboard */,
				C203EE89271441910071C8AE /* Info.plist */,
			);
			path = MilestoneProjectDay50;
			sourceTree = "<group>";
		};
/* End PBXGroup section */

/* Begin PBXNativeTarget section */
		C203EE772714418F0071C8AE /* MilestoneProjectDay50 */ = {
			isa = PBXNativeTarget;
			buildConfigurationList = C203EE8C271441910071C8AE /* Build configuration list for PBXNativeTarget "MilestoneProjectDay50" */;
			buildPhases = (
				C203EE742714418F0071C8AE /* Sources */,
				C203EE752714418F0071C8AE /* Frameworks */,
				C203EE762714418F0071C8AE /* Resources */,
			);
			buildRules = (
			);
			dependencies = (
			);
			name = MilestoneProjectDay50;
			productName = MilestoneProjectDay50;
			productReference = C203EE782714418F0071C8AE /* MilestoneProjectDay50.app */;
			productType = "com.apple.product-type.application";
		};
/* End PBXNativeTarget section */

/* Begin PBXProject section */
		C203EE702714418F0071C8AE /* Project object */ = {
			isa = PBXProject;
			attributes = {
				LastSwiftUpdateCheck = 1250;
				LastUpgradeCheck = 1250;
				TargetAttributes = {
					C203EE772714418F0071C8AE = {
						CreatedOnToolsVersion = 12.5;
					};
				};
			};
			buildConfigurationList = C203EE732714418F0071C8AE /* Build configuration list for PBXProject "MilestoneProjectDay50" */;
			compatibilityVersion = "Xcode 9.3";
			developmentRegion = en;
			hasScannedForEncodings = 0;
			knownRegions = (
				en,
				Base,
			);
			mainGroup = C203EE6F2714418F0071C8AE;
			productRefGroup = C203EE792714418F0071C8AE /* Products */;
			projectDirPath = "";
			projectRoot = "";
			targets = (
				C203EE772714418F0071C8AE /* MilestoneProjectDay50 */,
			);
		};
/* End PBXProject section */

/* Begin PBXResourcesBuildPhase section */
		C203EE762714418F0071C8AE /* Resources */ = {
			isa = PBXResourcesBuildPhase;
			buildActionMask = 2147483647;
			files = (
				C203EE88271441910071C8AE /* LaunchScreen.storyboard in Resources */,
				C203EE85271441910071C8AE /* Assets.xcassets in Resources */,
				C203EE832714418F0071C8AE /* Main.storyboard in Resources */,
			);
			runOnlyForDeploymentPostprocessing = 0;
		};
/* End PBXResourcesBuildPhase section */

/* Begin PBXSourcesBuildPhase section */
		C203EE742714418F0071C8AE /* Sources */ = {
			isa = PBXSourcesBuildPhase;
			buildActionMask = 2147483647;
			files = (
				C203EE802714418F0071C8AE /* ViewController.swift in Sources */,
				C203EE92271457D90071C8AE /* Picture.swift in Sources */,
				C203EE7C2714418F0071C8AE /* AppDelegate.swift in Sources */,
				C203EE7E2714418F0071C8AE /* SceneDelegate.swift in Sources */,
				C203EE90271457C60071C8AE /* DetailViewController.swift in Sources */,
			);
			runOnlyForDeploymentPostprocessing = 0;
		};
/* End PBXSourcesBuildPhase section */

/* Begin PBXVariantGroup section */
		C203EE812714418F0071C8AE /* Main.storyboard */ = {
			isa = PBXVariantGroup;
			children = (
				C203EE822714418F0071C8AE /* Base */,
			);
			name = Main.storyboard;
			sourceTree = "<group>";
		};
		C203EE86271441910071C8AE /* LaunchScreen.storyboard */ = {
			isa = PBXVariantGroup;
			children = (
				C203EE87271441910071C8AE /* Base */,
			);
			name = LaunchScreen.storyboard;
			sourceTree = "<group>";
		};
/* End PBXVariantGroup section */

/* Begin XCBuildConfiguration section */
		C203EE8A271441910071C8AE /* Debug */ = {
			isa = XCBuildConfiguration;
			buildSettings = {
				ALWAYS_SEARCH_USER_PATHS = NO;
				CLANG_ANALYZER_NONNULL = YES;
				CLANG_ANALYZER_NUMBER_OBJECT_CONVERSION = YES_AGGRESSIVE;
				CLANG_CXX_LANGUAGE_STANDARD = "gnu++14";
				CLANG_CXX_LIBRARY = "libc++";
				CLANG_ENABLE_MODULES = YES;
				CLANG_ENABLE_OBJC_ARC = YES;
				CLANG_ENABLE_OBJC_WEAK = YES;
				CLANG_WARN_BLOCK_CAPTURE_AUTORELEASING = YES;
				CLANG_WARN_BOOL_CONVERSION = YES;
				CLANG_WARN_COMMA = YES;
				CLANG_WARN_CONSTANT_CONVERSION = YES;
				CLANG_WARN_DEPRECATED_OBJC_IMPLEMENTATIONS = YES;
				CLANG_WARN_DIRECT_OBJC_ISA_USAGE = YES_ERROR;
				CLANG_WARN_DOCUMENTATION_COMMENTS = YES;
				CLANG_WARN_EMPTY_BODY = YES;
				CLANG_WARN_ENUM_CONVERSION = YES;
				CLANG_WARN_INFINITE_RECURSION = YES;
				CLANG_WARN_INT_CONVERSION = YES;
				CLANG_WARN_NON_LITERAL_NULL_CONVERSION = YES;
				CLANG_WARN_OBJC_IMPLICIT_RETAIN_SELF = YES;
				CLANG_WARN_OBJC_LITERAL_CONVERSION = YES;
				CLANG_WARN_OBJC_ROOT_CLASS = YES_ERROR;
				CLANG_WARN_QUOTED_INCLUDE_IN_FRAMEWORK_HEADER = YES;
				CLANG_WARN_RANGE_LOOP_ANALYSIS = YES;
				CLANG_WARN_STRICT_PROTOTYPES = YES;
				CLANG_WARN_SUSPICIOUS_MOVE = YES;
				CLANG_WARN_UNGUARDED_AVAILABILITY = YES_AGGRESSIVE;
				CLANG_WARN_UNREACHABLE_CODE = YES;
				CLANG_WARN__DUPLICATE_METHOD_MATCH = YES;
				COPY_PHASE_STRIP = NO;
				DEBUG_INFORMATION_FORMAT = dwarf;
				ENABLE_STRICT_OBJC_MSGSEND = YES;
				ENABLE_TESTABILITY = YES;
				GCC_C_LANGUAGE_STANDARD = gnu11;
				GCC_DYNAMIC_NO_PIC = NO;
				GCC_NO_COMMON_BLOCKS = YES;
				GCC_OPTIMIZATION_LEVEL = 0;
				GCC_PREPROCESSOR_DEFINITIONS = (
					"DEBUG=1",
					"$(inherited)",
				);
				GCC_WARN_64_TO_32_BIT_CONVERSION = YES;
				GCC_WARN_ABOUT_RETURN_TYPE = YES_ERROR;
				GCC_WARN_UNDECLARED_SELECTOR = YES;
				GCC_WARN_UNINITIALIZED_AUTOS = YES_AGGRESSIVE;
				GCC_WARN_UNUSED_FUNCTION = YES;
				GCC_WARN_UNUSED_VARIABLE = YES;
				IPHONEOS_DEPLOYMENT_TARGET = 14.5;
				MTL_ENABLE_DEBUG_INFO = INCLUDE_SOURCE;
				MTL_FAST_MATH = YES;
				ONLY_ACTIVE_ARCH = YES;
				SDKROOT = iphoneos;
				SWIFT_ACTIVE_COMPILATION_CONDITIONS = DEBUG;
				SWIFT_OPTIMIZATION_LEVEL = "-Onone";
			};
			name = Debug;
		};
		C203EE8B271441910071C8AE /* Release */ = {
			isa = XCBuildConfiguration;
			buildSettings = {
				ALWAYS_SEARCH_USER_PATHS = NO;
				CLANG_ANALYZER_NONNULL = YES;
				CLANG_ANALYZER_NUMBER_OBJECT_CONVERSION = YES_AGGRESSIVE;
				CLANG_CXX_LANGUAGE_STANDARD = "gnu++14";
				CLANG_CXX_LIBRARY = "libc++";
				CLANG_ENABLE_MODULES = YES;
				CLANG_ENABLE_OBJC_ARC = YES;
				CLANG_ENABLE_OBJC_WEAK = YES;
				CLANG_WARN_BLOCK_CAPTURE_AUTORELEASING = YES;
				CLANG_WARN_BOOL_CONVERSION = YES;
				CLANG_WARN_COMMA = YES;
				CLANG_WARN_CONSTANT_CONVERSION = YES;
				CLANG_WARN_DEPRECATED_OBJC_IMPLEMENTATIONS = YES;
				CLANG_WARN_DIRECT_OBJC_ISA_USAGE = YES_ERROR;
				CLANG_WARN_DOCUMENTATION_COMMENTS = YES;
				CLANG_WARN_EMPTY_BODY = YES;
				CLANG_WARN_ENUM_CONVERSION = YES;
				CLANG_WARN_INFINITE_RECURSION = YES;
				CLANG_WARN_INT_CONVERSION = YES;
				CLANG_WARN_NON_LITERAL_NULL_CONVERSION = YES;
				CLANG_WARN_OBJC_IMPLICIT_RETAIN_SELF = YES;
				CLANG_WARN_OBJC_LITERAL_CONVERSION = YES;
				CLANG_WARN_OBJC_ROOT_CLASS = YES_ERROR;
				CLANG_WARN_QUOTED_INCLUDE_IN_FRAMEWORK_HEADER = YES;
				CLANG_WARN_RANGE_LOOP_ANALYSIS = YES;
				CLANG_WARN_STRICT_PROTOTYPES = YES;
				CLANG_WARN_SUSPICIOUS_MOVE = YES;
				CLANG_WARN_UNGUARDED_AVAILABILITY = YES_AGGRESSIVE;
				CLANG_WARN_UNREACHABLE_CODE = YES;
				CLANG_WARN__DUPLICATE_METHOD_MATCH = YES;
				COPY_PHASE_STRIP = NO;
				DEBUG_INFORMATION_FORMAT = "dwarf-with-dsym";
				ENABLE_NS_ASSERTIONS = NO;
				ENABLE_STRICT_OBJC_MSGSEND = YES;
				GCC_C_LANGUAGE_STANDARD = gnu11;
				GCC_NO_COMMON_BLOCKS = YES;
				GCC_WARN_64_TO_32_BIT_CONVERSION = YES;
				GCC_WARN_ABOUT_RETURN_TYPE = YES_ERROR;
				GCC_WARN_UNDECLARED_SELECTOR = YES;
				GCC_WARN_UNINITIALIZED_AUTOS = YES_AGGRESSIVE;
				GCC_WARN_UNUSED_FUNCTION = YES;
				GCC_WARN_UNUSED_VARIABLE = YES;
				IPHONEOS_DEPLOYMENT_TARGET = 14.5;
				MTL_ENABLE_DEBUG_INFO = NO;
				MTL_FAST_MATH = YES;
				SDKROOT = iphoneos;
				SWIFT_COMPILATION_MODE = wholemodule;
				SWIFT_OPTIMIZATION_LEVEL = "-O";
				VALIDATE_PRODUCT = YES;
			};
			name = Release;
		};
		C203EE8D271441910071C8AE /* Debug */ = {
			isa = XCBuildConfiguration;
			buildSettings = {
				ASSETCATALOG_COMPILER_APPICON_NAME = AppIcon;
				ASSETCATALOG_COMPILER_GLOBAL_ACCENT_COLOR_NAME = AccentColor;
				CODE_SIGN_STYLE = Automatic;
				DEVELOPMENT_TEAM = C3M56A453W;
				INFOPLIST_FILE = MilestoneProjectDay50/Info.plist;
				LD_RUNPATH_SEARCH_PATHS = (
					"$(inherited)",
					"@executable_path/Frameworks",
				);
				PRODUCT_BUNDLE_IDENTIFIER = online.swampios.MilestoneProjectDay50;
				PRODUCT_NAME = "$(TARGET_NAME)";
				SWIFT_VERSION = 5.0;
				TARGETED_DEVICE_FAMILY = 1;
			};
			name = Debug;
		};
		C203EE8E271441910071C8AE /* Release */ = {
			isa = XCBuildConfiguration;
			buildSettings = {
				ASSETCATALOG_COMPILER_APPICON_NAME = AppIcon;
				ASSETCATALOG_COMPILER_GLOBAL_ACCENT_COLOR_NAME = AccentColor;
				CODE_SIGN_STYLE = Automatic;
				DEVELOPMENT_TEAM = C3M56A453W;
				INFOPLIST_FILE = MilestoneProjectDay50/Info.plist;
				LD_RUNPATH_SEARCH_PATHS = (
					"$(inherited)",
					"@executable_path/Frameworks",
				);
				PRODUCT_BUNDLE_IDENTIFIER = online.swampios.MilestoneProjectDay50;
				PRODUCT_NAME = "$(TARGET_NAME)";
				SWIFT_VERSION = 5.0;
				TARGETED_DEVICE_FAMILY = 1;
			};
			name = Release;
		};
/* End XCBuildConfiguration section */

/* Begin XCConfigurationList section */
		C203EE732714418F0071C8AE /* Build configuration list for PBXProject "MilestoneProjectDay50" */ = {
			isa = XCConfigurationList;
			buildConfigurations = (
				C203EE8A271441910071C8AE /* Debug */,
				C203EE8B271441910071C8AE /* Release */,
			);
			defaultConfigurationIsVisible = 0;
			defaultConfigurationName = Release;
		};
		C203EE8C271441910071C8AE /* Build configuration list for PBXNativeTarget "MilestoneProjectDay50" */ = {
			isa = XCConfigurationList;
			buildConfigurations = (
				C203EE8D271441910071C8AE /* Debug */,
				C203EE8E271441910071C8AE /* Release */,
			);
			defaultConfigurationIsVisible = 0;
			defaultConfigurationName = Release;
		};
/* End XCConfigurationList section */
	};
	rootObject = C203EE702714418F0071C8AE /* Project object */;
}
